PODS:
  - adaptive_platform_ui (0.1.0):
    - Flutter
  - device_info_plus (0.0.1):
    - Flutter
  - file_picker (0.0.1):
    - Flutter
    - FlutterMacOS
  - Flutter (1.0.0)
  - image_picker_ios (0.0.1):
    - Flutter
  - install_plugin_v3 (2.0.0):
    - Flutter
  - media_kit_libs_ios_video (1.0.4):
    - Flutter
  - media_kit_video (0.0.1):
    - Flutter
  - package_info_plus (0.4.5):
    - Flutter
  - pasteboard (0.0.1):
    - Flutter
  - permission_handler_apple (9.4.8):
    - Flutter
  - share_plus (0.0.1):
    - Flutter
  - sqflite_darwin (0.0.4):
    - Flutter
    - FlutterMacOS
  - url_launcher_ios (0.0.1):
    - Flutter
  - wakelock_plus (0.0.1):
    - Flutter

DEPENDENCIES:
  - adaptive_platform_ui (from `.symlinks/plugins/adaptive_platform_ui/ios`)
  - device_info_plus (from `.symlinks/plugins/device_info_plus/ios`)
  - file_picker (from `.symlinks/plugins/file_picker/darwin`)
  - Flutter (from `Flutter`)
  - image_picker_ios (from `.symlinks/plugins/image_picker_ios/ios`)
  - install_plugin_v3 (from `.symlinks/plugins/install_plugin_v3/ios`)
  - media_kit_libs_ios_video (from `.symlinks/plugins/media_kit_libs_ios_video/ios`)
  - media_kit_video (from `.symlinks/plugins/media_kit_video/ios`)
  - package_info_plus (from `.symlinks/plugins/package_info_plus/ios`)
  - pasteboard (from `.symlinks/plugins/pasteboard/ios`)
  - permission_handler_apple (from `.symlinks/plugins/permission_handler_apple/ios`)
  - share_plus (from `.symlinks/plugins/share_plus/ios`)
  - sqflite_darwin (from `.symlinks/plugins/sqflite_darwin/darwin`)
  - url_launcher_ios (from `.symlinks/plugins/url_launcher_ios/ios`)
  - wakelock_plus (from `.symlinks/plugins/wakelock_plus/ios`)

EXTERNAL SOURCES:
  adaptive_platform_ui:
    :path: ".symlinks/plugins/adaptive_platform_ui/ios"
  device_info_plus:
    :path: ".symlinks/plugins/device_info_plus/ios"
  file_picker:
    :path: ".symlinks/plugins/file_picker/darwin"
  Flutter:
    :path: Flutter
  image_picker_ios:
    :path: ".symlinks/plugins/image_picker_ios/ios"
  install_plugin_v3:
    :path: ".symlinks/plugins/install_plugin_v3/ios"
  media_kit_libs_ios_video:
    :path: ".symlinks/plugins/media_kit_libs_ios_video/ios"
  media_kit_video:
    :path: ".symlinks/plugins/media_kit_video/ios"
  package_info_plus:
    :path: ".symlinks/plugins/package_info_plus/ios"
  pasteboard:
    :path: ".symlinks/plugins/pasteboard/ios"
  permission_handler_apple:
    :path: ".symlinks/plugins/permission_handler_apple/ios"
  share_plus:
    :path: ".symlinks/plugins/share_plus/ios"
  sqflite_darwin:
    :path: ".symlinks/plugins/sqflite_darwin/darwin"
  url_launcher_ios:
    :path: ".symlinks/plugins/url_launcher_ios/ios"
  wakelock_plus:
    :path: ".symlinks/plugins/wakelock_plus/ios"

SPEC CHECKSUMS:
  adaptive_platform_ui: f54f620666d1797636f9ef06f49137ef2cc13611
  device_info_plus: 21fcca2080fbcd348be798aa36c3e5ed849eefbe
  file_picker: 70164d9778c42c47218d6cd79ce435de0856b11a
  Flutter: cabc95a1d2626b1b06e7179b784ebcf0c0cde467
  image_picker_ios: e0ece4aa2a75771a7de3fa735d26d90817041326
  install_plugin_v3: f21521bded1fb1d31033c3ace92e2739ba915eb6
  media_kit_libs_ios_video: 5a18affdb97d1f5d466dc79988b13eff6c5e2854
  media_kit_video: 1746e198cb697d1ffb734b1d05ec429d1fcd1474
  package_info_plus: af8e2ca6888548050f16fa2f1938db7b5a5df499
  pasteboard: 3913b69d3f2be214970a8ae94e7e87fe76e47e98
  permission_handler_apple: 92d754bbaa7361d436db2d6c3c1c2a0fdcec462e
  share_plus: 50da8cb520a8f0f65671c6c6a99b3617ed10a58a
  sqflite_darwin: 20b2a3a3b70e43edae938624ce550a3cbf66a3d0
  url_launcher_ios: 7a95fa5b60cc718a708b8f2966718e93db0cef1b
  wakelock_plus: e29112ab3ef0b318e58cfa5c32326458be66b556

PODFILE CHECKSUM: d71a8f9d234bf288cee64b372c30c196c8075224

COCOAPODS: 1.17.0
